
Microsoft Visual Studio Solution File, Format Version 12.00
# Visual Studio 14
VisualStudioVersion = 14.0.25420.1
MinimumVisualStudioVersion = 10.0.40219.1
Project("{F184B08F-C81C-45F6-A57F-5ABD9991F28F}") = "Examen1", "Examen1\Examen1.vbproj", "{F191F65A-33A2-4EF9-844C-71DB3458EDFB}"
EndProject
Global
	GlobalSection(SolutionConfigurationPlatforms) = preSolution
		Debug|Any CPU = Debug|Any CPU
		Release|Any CPU = Release|Any CPU
	EndGlobalSection
	GlobalSection(ProjectConfigurationPlatforms) = postSolution
		{F191F65A-33A2-4EF9-844C-71DB3458EDFB}.Debug|Any CPU.ActiveCfg = Debug|Any CPU
		{F191F65A-33A2-4EF9-844C-71DB3458EDFB}.Debug|Any CPU.Build.0 = Debug|Any CPU
		{F191F65A-33A2-4EF9-844C-71DB3458EDFB}.Release|Any CPU.ActiveCfg = Release|Any CPU
		{F191F65A-33A2-4EF9-844C-71DB3458EDFB}.Release|Any CPU.Build.0 = Release|Any CPU
	EndGlobalSection
	GlobalSection(SolutionProperties) = preSolution
		HideSolutionNode = FALSE
	EndGlobalSection
EndGlobal
